
Microsoft Visual Studio Solution File, Format Version 12.00
# Visual Studio Version 17
VisualStudioVersion = 17.1.32210.238
MinimumVisualStudioVersion = 10.0.40219.1
Project("{9A19103F-16F7-4668-BE54-9A1E7A4F7556}") = "OdeToFood", "OdeToFood\OdeToFood.csproj", "{D211E3C4-0DE9-4828-BC51-529235D37128}"
EndProject
Project("{9A19103F-16F7-4668-BE54-9A1E7A4F7556}") = "OdeToFood.Tests", "OdeToFood.Tests\OdeToFood.Tests.csproj", "{6752D086-DD12-48B7-BEFF-0DC72FC09B5B}"
EndProject
Global
	GlobalSection(SolutionConfigurationPlatforms) = preSolution
		Debug|Any CPU = Debug|Any CPU
		Release|Any CPU = Release|Any CPU
	EndGlobalSection
	GlobalSection(ProjectConfigurationPlatforms) = postSolution
		{D211E3C4-0DE9-4828-BC51-529235D37128}.Debug|Any CPU.ActiveCfg = Debug|Any CPU
		{D211E3C4-0DE9-4828-BC51-529235D37128}.Debug|Any CPU.Build.0 = Debug|Any CPU
		{D211E3C4-0DE9-4828-BC51-529235D37128}.Release|Any CPU.ActiveCfg = Release|Any CPU
		{D211E3C4-0DE9-4828-BC51-529235D37128}.Release|Any CPU.Build.0 = Release|Any CPU
		{6752D086-DD12-48B7-BEFF-0DC72FC09B5B}.Debug|Any CPU.ActiveCfg = Debug|Any CPU
		{6752D086-DD12-48B7-BEFF-0DC72FC09B5B}.Debug|Any CPU.Build.0 = Debug|Any CPU
		{6752D086-DD12-48B7-BEFF-0DC72FC09B5B}.Release|Any CPU.ActiveCfg = Release|Any CPU
		{6752D086-DD12-48B7-BEFF-0DC72FC09B5B}.Release|Any CPU.Build.0 = Release|Any CPU
	EndGlobalSection
	GlobalSection(SolutionProperties) = preSolution
		HideSolutionNode = FALSE
	EndGlobalSection
	GlobalSection(ExtensibilityGlobals) = postSolution
		SolutionGuid = {8FAA58F9-D6BE-4997-B1B4-D6A8C569A128}
	EndGlobalSection
EndGlobal
